hash: fd51a5a222f5e352f3149fdbc94f6a1db9763c11ba51c792e97647cfdda38b1b
updated: 2018-08-02T06:15:47.792185596Z
imports:
- name: cloud.google.com/go
  version: 2d3a6656c17a60b0815b7e06ab0be04eacb6e613
  subpackages:
  - civil
  - compute/metadata
  - iam
  - internal/atomiccache
  - internal/fields
  - internal/version
  - longrunning
  - longrunning/autogen
  - pubsub
  - pubsub/apiv1
  - spanner
  - spanner/admin/database/apiv1
- name: github.com/denisbrodbeck/machineid
  version: e2e48f90c87f1f77286682531a46ff99e95d8089
- name: github.com/fsnotify/fsnotify
  version: c2828203cd70a50dcccfb2761f8b1f8ceef9a8e9
- name: github.com/golang/glog
  version: 23def4e6c14b4da8ac2ed8007337bc5eb5007998
- name: github.com/golang/protobuf
  version: f5983d50c82d70eaa88c17080245cc871558081f
  subpackages:
  - proto
  - protoc-gen-go/descriptor
  - ptypes
  - ptypes/any
  - ptypes/duration
  - ptypes/empty
  - ptypes/struct
  - ptypes/timestamp
- name: github.com/googleapis/gax-go
  version: 1ef592c90f479e3ab30c6c2312e20e13881b7ea6
- name: github.com/hashicorp/hcl
  version: ef8a98b0bbce4a65b5aa4c368430a80ddc533168
  subpackages:
  - hcl/ast
  - hcl/parser
  - hcl/printer
  - hcl/scanner
  - hcl/strconv
  - hcl/token
  - json/parser
  - json/scanner
  - json/token
- name: github.com/labstack/echo
  version: b338075a0fc6e1a0683dbf03d09b4957a289e26f
- name: github.com/labstack/gommon
  version: 2a618302b929cc20862dda3aa6f02f64dbe740dd
  subpackages:
  - color
  - log
- name: github.com/lib/pq
  version: 90697d60dd844d5ef6ff15135d0203f65d2f53b8
  subpackages:
  - oid
- name: github.com/magiconair/properties
  version: c2353362d570a7bfa228149c62842019201cfb71
- name: github.com/mattn/go-colorable
  version: efa589957cd060542a26d2dd7832fd6a6c6c3ade
- name: github.com/mattn/go-isatty
  version: 6ca4dbf54d38eea1a992b3c722a76a5d1c4cb25c
- name: github.com/mitchellh/mapstructure
  version: f15292f7a699fcc1a38a80977f80a046874ba8ac
- name: github.com/pelletier/go-toml
  version: c2dbbc24a97911339e01bda0b8cabdbd8f13b602
- name: github.com/rs/zerolog
  version: 3ac71fc58dbd43122668a912b755b0979ba9ce1f
  subpackages:
  - internal/json
  - log
- name: github.com/satori/go.uuid
  version: 879c5887cd475cd7864858769793b2ceb0d44feb
- name: github.com/spf13/afero
  version: 787d034dfe70e44075ccc060d346146ef53270ad
  subpackages:
  - mem
- name: github.com/spf13/cast
  version: 8965335b8c7107321228e3e3702cab9832751bac
- name: github.com/spf13/jwalterweatherman
  version: 7c0cea34c8ece3fbeb2b27ab9b59511d360fb394
- name: github.com/spf13/pflag
  version: 3ebe029320b2676d667ae88da602a5f854788a8a
- name: github.com/spf13/viper
  version: b5e8006cbee93ec955a89ab31e0e3ce3204f3736
- name: github.com/streadway/amqp
  version: e5adc2ada8b8efff032bf61173a233d143e9318e
- name: github.com/stretchr/testify
  version: 69483b4bd14f5845b5a1e55bca19e954e827f1d0
  subpackages:
  - assert
- name: github.com/valyala/bytebufferpool
  version: e746df99fe4a3986f4d4f79e13c1e0117ce9c2f7
- name: github.com/valyala/fasttemplate
  version: dcecefd839c4193db0d35b88ec65b4c12d360ab0
- name: go.opencensus.io
  version: 72a330c8c96dbe960ec88dbbdae20b52f8118510
  subpackages:
  - exporter/stackdriver/propagation
  - internal
  - internal/tagencoding
  - plugin/ocgrpc
  - plugin/ochttp
  - plugin/ochttp/propagation/b3
  - stats
  - stats/internal
  - stats/view
  - tag
  - trace
  - trace/internal
  - trace/propagation
- name: golang.org/x/crypto
  version: c126467f60eb25f8f27e5a981f32a87e3965053f
  subpackages:
  - acme
  - acme/autocert
  - ssh/terminal
- name: golang.org/x/net
  version: f4c29de78a2a91c00474a2e689954305c350adf9
  subpackages:
  - context
  - context/ctxhttp
  - http/httpguts
  - http2
  - http2/hpack
  - idna
  - internal/timeseries
  - trace
- name: golang.org/x/oauth2
  version: 3d292e4d0cdc3a0113e6d207bb137145ef1de42f
  subpackages:
  - google
  - internal
  - jws
  - jwt
- name: golang.org/x/sync
  version: 1d60e4601c6fd243af51cc01ddf169918a5407ca
  subpackages:
  - errgroup
  - semaphore
- name: golang.org/x/sys
  version: 3dc4335d56c789b04b0ba99b7a37249d9b614314
  subpackages:
  - unix
  - windows
  - windows/registry
- name: golang.org/x/text
  version: 0605a8320aceb4207a5fb3521281e17ec2075476
  subpackages:
  - secure/bidirule
  - transform
  - unicode/bidi
  - unicode/norm
- name: google.golang.org/api
  version: 31ca0e01cd791f07750cb23fc99327721f753290
  subpackages:
  - googleapi/transport
  - internal
  - iterator
  - option
  - support/bundler
  - transport
  - transport/grpc
  - transport/http
- name: google.golang.org/appengine
  version: 4216e58b9158e5f1c906f1aca75162a46a2ec88a
  subpackages:
  - internal
  - internal/app_identity
  - internal/base
  - internal/datastore
  - internal/log
  - internal/modules
  - internal/remote_api
  - internal/socket
  - internal/urlfetch
  - socket
  - urlfetch
- name: google.golang.org/genproto
  version: daca94659cb50e9f37c1b834680f2e46358f10b0
  subpackages:
  - googleapis/api/annotations
  - googleapis/iam/v1
  - googleapis/longrunning
  - googleapis/pubsub/v1
  - googleapis/rpc/errdetails
  - googleapis/rpc/status
  - googleapis/spanner/admin/database/v1
  - googleapis/spanner/v1
  - protobuf/field_mask
- name: google.golang.org/grpc
  version: b20cbb449d976b24c811e06da17ede69fa2e72cc
  subpackages:
  - balancer
  - balancer/base
  - balancer/roundrobin
  - codes
  - connectivity
  - credentials
  - credentials/oauth
  - encoding
  - encoding/proto
  - grpclog
  - internal
  - internal/backoff
  - internal/channelz
  - internal/envconfig
  - internal/grpcrand
  - internal/transport
  - keepalive
  - metadata
  - naming
  - peer
  - resolver
  - resolver/dns
  - resolver/passthrough
  - stats
  - status
  - tap
- name: gopkg.in/yaml.v2
  version: 5420a8b6744d3b0345ab293f6fcba19c978f1183
testImports:
- name: github.com/davecgh/go-spew
  version: 6d212800a42e8ab5c146b8ace3490ee17e5225f9
  subpackages:
  - spew
- name: github.com/pmezard/go-difflib
  version: d8ed2627bdf02c080bf22230dbb337003b7aba2d
  subpackages:
  - difflib
