hash: 613c184f88d9b89baff1032b6a2478bb38d30e348a4a6955217b93da77c053f5
updated: 2017-09-10T13:48:12.3279184-07:00
imports:
- name: cloud.google.com/go
  version: 0f0b8420cb699ac4ce059c63bac263f4301fe95b
  subpackages:
  - spanner
- name: github.com/labstack/echo
  version: cec7629194fe4bf83b0c72d9a02d340c7a1468ac
- name: github.com/labstack/gommon
  version: 1121fd3e243c202482226a7afe4dcd07ffc4139a
  subpackages:
  - color
  - log
- name: github.com/mattn/go-colorable
  version: 941b50ebc6efddf4c41c8e4537a5f68a4e686b24
- name: github.com/mattn/go-isatty
  version: fc9e8d8ef48496124e79ae0df75490096eccf6fe
- name: github.com/rs/zerolog
  version: 3ac71fc58dbd43122668a912b755b0979ba9ce1f
- name: github.com/stretchr/testify
  version: 69483b4bd14f5845b5a1e55bca19e954e827f1d0
  subpackages:
  - assert
- name: github.com/valyala/bytebufferpool
  version: e746df99fe4a3986f4d4f79e13c1e0117ce9c2f7
- name: github.com/valyala/fasttemplate
  version: dcecefd839c4193db0d35b88ec65b4c12d360ab0
- name: golang.org/x/crypto
  version: 9ba3862cf6a5452ae579de98f9364dd2e544844c
  subpackages:
  - acme
  - acme/autocert
- name: golang.org/x/sys
  version: a5054c7c1385fd50d9394475365355a87a7873ec
  subpackages:
  - unix
testImports: []
